
Microsoft Visual Studio Solution File, Format Version 12.00
# Visual Studio Version 16
VisualStudioVersion = 16.0.30320.27
MinimumVisualStudioVersion = 10.0.40219.1
Project("{FAE04EC0-301F-11D3-BF4B-00C04F79EFBC}") = "PlainServer", "PlainServer\PlainServer.csproj", "{C2696163-DEED-4A3B-8C30-437FC8C21BAD}"
EndProject
Project("{FAE04EC0-301F-11D3-BF4B-00C04F79EFBC}") = "PlainClient", "PlainClient\PlainClient.csproj", "{4653947F-2F7C-42F4-9F3C-141A002B99CE}"
EndProject
Project("{FAE04EC0-301F-11D3-BF4B-00C04F79EFBC}") = "ModelLib", "ModelLib\ModelLib.csproj", "{FE9A6E4C-8DFD-4949-B52B-DC437EAF9DB9}"
EndProject
Global
	GlobalSection(SolutionConfigurationPlatforms) = preSolution
		Debug|Any CPU = Debug|Any CPU
		Release|Any CPU = Release|Any CPU
	EndGlobalSection
	GlobalSection(ProjectConfigurationPlatforms) = postSolution
		{C2696163-DEED-4A3B-8C30-437FC8C21BAD}.Debug|Any CPU.ActiveCfg = Debug|Any CPU
		{C2696163-DEED-4A3B-8C30-437FC8C21BAD}.Debug|Any CPU.Build.0 = Debug|Any CPU
		{C2696163-DEED-4A3B-8C30-437FC8C21BAD}.Release|Any CPU.ActiveCfg = Release|Any CPU
		{C2696163-DEED-4A3B-8C30-437FC8C21BAD}.Release|Any CPU.Build.0 = Release|Any CPU
		{4653947F-2F7C-42F4-9F3C-141A002B99CE}.Debug|Any CPU.ActiveCfg = Debug|Any CPU
		{4653947F-2F7C-42F4-9F3C-141A002B99CE}.Debug|Any CPU.Build.0 = Debug|Any CPU
		{4653947F-2F7C-42F4-9F3C-141A002B99CE}.Release|Any CPU.ActiveCfg = Release|Any CPU
		{4653947F-2F7C-42F4-9F3C-141A002B99CE}.Release|Any CPU.Build.0 = Release|Any CPU
		{FE9A6E4C-8DFD-4949-B52B-DC437EAF9DB9}.Debug|Any CPU.ActiveCfg = Debug|Any CPU
		{FE9A6E4C-8DFD-4949-B52B-DC437EAF9DB9}.Debug|Any CPU.Build.0 = Debug|Any CPU
		{FE9A6E4C-8DFD-4949-B52B-DC437EAF9DB9}.Release|Any CPU.ActiveCfg = Release|Any CPU
		{FE9A6E4C-8DFD-4949-B52B-DC437EAF9DB9}.Release|Any CPU.Build.0 = Release|Any CPU
	EndGlobalSection
	GlobalSection(SolutionProperties) = preSolution
		HideSolutionNode = FALSE
	EndGlobalSection
	GlobalSection(ExtensibilityGlobals) = postSolution
		SolutionGuid = {06106367-F0F4-4A0C-B8E4-A414945F96B0}
	EndGlobalSection
EndGlobal
